
Microsoft Visual Studio Solution File, Format Version 12.00
# Visual Studio Version 17
VisualStudioVersion = 17.9.34622.214
MinimumVisualStudioVersion = 10.0.40219.1
Project("{FAE04EC0-301F-11D3-BF4B-00C04F79EFBC}") = "NextBasketTask", "NextBasketTask\NextBasketTask.csproj", "{DB008FC8-87C7-4E4C-8C36-8223FA9E0744}"
EndProject
Global
	GlobalSection(SolutionConfigurationPlatforms) = preSolution
		Debug|Any CPU = Debug|Any CPU
		Release|Any CPU = Release|Any CPU
	EndGlobalSection
	GlobalSection(ProjectConfigurationPlatforms) = postSolution
		{DB008FC8-87C7-4E4C-8C36-8223FA9E0744}.Debug|Any CPU.ActiveCfg = Debug|Any CPU
		{DB008FC8-87C7-4E4C-8C36-8223FA9E0744}.Debug|Any CPU.Build.0 = Debug|Any CPU
		{DB008FC8-87C7-4E4C-8C36-8223FA9E0744}.Release|Any CPU.ActiveCfg = Release|Any CPU
		{DB008FC8-87C7-4E4C-8C36-8223FA9E0744}.Release|Any CPU.Build.0 = Release|Any CPU
	EndGlobalSection
	GlobalSection(SolutionProperties) = preSolution
		HideSolutionNode = FALSE
	EndGlobalSection
	GlobalSection(ExtensibilityGlobals) = postSolution
		SolutionGuid = {BFB87CD4-75F9-41B1-924F-6582910FEA86}
	EndGlobalSection
EndGlobal
